
Microsoft Visual Studio Solution File, Format Version 11.00
# Visual Studio 2010
Project("{FAE04EC0-301F-11D3-BF4B-00C04F79EFBC}") = "Assembly-CSharp", "Assembly-CSharp.csproj", "{3be8f485-7891-93fc-cd35-3b723e1e8a18}"
EndProject
Project("{FAE04EC0-301F-11D3-BF4B-00C04F79EFBC}") = "Assembly-CSharp-Editor", "Assembly-CSharp-Editor.csproj", "{8e38b95c-61cc-8d15-72e0-c276edc2eb9e}"
EndProject
Project("{FAE04EC0-301F-11D3-BF4B-00C04F79EFBC}") = "UniTask", "UniTask.csproj", "{579d54a0-6de6-5559-4750-a365e08bd535}"
EndProject
Project("{FAE04EC0-301F-11D3-BF4B-00C04F79EFBC}") = "spine-unity", "spine-unity.csproj", "{8fa889c0-6ba8-4eb2-e5e2-55f34cd588b3}"
EndProject
Project("{FAE04EC0-301F-11D3-BF4B-00C04F79EFBC}") = "UniTask.Linq", "UniTask.Linq.csproj", "{2723d9db-ac48-75cb-b09a-8b9afd6b03b8}"
EndProject
Project("{FAE04EC0-301F-11D3-BF4B-00C04F79EFBC}") = "spine-unity-editor", "spine-unity-editor.csproj", "{f22e9801-a36c-9844-353d-2d00962d2b47}"
EndProject
Project("{FAE04EC0-301F-11D3-BF4B-00C04F79EFBC}") = "spine-csharp", "spine-csharp.csproj", "{9d50a125-caf5-8854-c2a9-873737e2cb6d}"
EndProject
Project("{FAE04EC0-301F-11D3-BF4B-00C04F79EFBC}") = "MaxSdk.Scripts", "MaxSdk.Scripts.csproj", "{0c1b6c7d-c244-1012-166b-b25aa22178ad}"
EndProject
Project("{FAE04EC0-301F-11D3-BF4B-00C04F79EFBC}") = "Unity.PlayerPrefsEditor.Editor", "Unity.PlayerPrefsEditor.Editor.csproj", "{21359a3b-93d1-2630-96c4-216a641366eb}"
EndProject
Project("{FAE04EC0-301F-11D3-BF4B-00C04F79EFBC}") = "AppsFlyer", "AppsFlyer.csproj", "{ca4c6463-cc5b-05fa-bb8e-8b94852e5066}"
EndProject
Project("{FAE04EC0-301F-11D3-BF4B-00C04F79EFBC}") = "IngameDebugConsole.Runtime", "IngameDebugConsole.Runtime.csproj", "{0a2550b4-f88b-dfa4-4e85-4a74dedd597b}"
EndProject
Project("{FAE04EC0-301F-11D3-BF4B-00C04F79EFBC}") = "GoogleMobileAds.Mediation.IronSource.Android", "GoogleMobileAds.Mediation.IronSource.Android.csproj", "{ed4018ac-b8c9-efdb-fbd3-901458e6453f}"
EndProject
Project("{FAE04EC0-301F-11D3-BF4B-00C04F79EFBC}") = "GoogleMobileAds.Mediation.UnityAds.Android", "GoogleMobileAds.Mediation.UnityAds.Android.csproj", "{ef85e9c2-0116-52b1-31ed-3d68af2d8f11}"
EndProject
Project("{FAE04EC0-301F-11D3-BF4B-00C04F79EFBC}") = "GoogleMobileAds.Mediation.IronSource.Common", "GoogleMobileAds.Mediation.IronSource.Common.csproj", "{7dd56053-1875-8f11-a108-d4331774b2a1}"
EndProject
Project("{FAE04EC0-301F-11D3-BF4B-00C04F79EFBC}") = "Assembly-CSharp-firstpass", "Assembly-CSharp-firstpass.csproj", "{69b855ce-ebb4-3ff2-310d-c1c0ddb73f15}"
EndProject
Project("{FAE04EC0-301F-11D3-BF4B-00C04F79EFBC}") = "UniTask.Addressables", "UniTask.Addressables.csproj", "{9de20592-75a3-864d-19e0-316133c350cc}"
EndProject
Project("{FAE04EC0-301F-11D3-BF4B-00C04F79EFBC}") = "Sirenix.OdinInspector.Modules.Unity.Addressables", "Sirenix.OdinInspector.Modules.Unity.Addressables.csproj", "{49344103-3a3b-0877-c067-e9e095224ed7}"
EndProject
Project("{FAE04EC0-301F-11D3-BF4B-00C04F79EFBC}") = "GoogleMobileAds.Editor", "GoogleMobileAds.Editor.csproj", "{70f66367-ad0f-11b6-1810-66ca72f69568}"
EndProject
Project("{FAE04EC0-301F-11D3-BF4B-00C04F79EFBC}") = "MaxSdk.Scripts.IntegrationManager.Editor", "MaxSdk.Scripts.IntegrationManager.Editor.csproj", "{f195e08a-e2c2-efa0-f839-eaef4ae57bb9}"
EndProject
Project("{FAE04EC0-301F-11D3-BF4B-00C04F79EFBC}") = "GoogleMobileAds.Mediation.UnityAds.Common", "GoogleMobileAds.Mediation.UnityAds.Common.csproj", "{f5ca178f-6b4c-e9f2-6063-6ac8eca51942}"
EndProject
Project("{FAE04EC0-301F-11D3-BF4B-00C04F79EFBC}") = "UniTask.TextMeshPro", "UniTask.TextMeshPro.csproj", "{99401f56-bac6-e3e4-6143-36dd362dfc43}"
EndProject
Project("{FAE04EC0-301F-11D3-BF4B-00C04F79EFBC}") = "GoogleMobileAds.Mediation.UnityAds.Api", "GoogleMobileAds.Mediation.UnityAds.Api.csproj", "{b1373a84-8390-d2e1-e19c-ab8bdbb22ab6}"
EndProject
Project("{FAE04EC0-301F-11D3-BF4B-00C04F79EFBC}") = "IngameDebugConsole.Editor", "IngameDebugConsole.Editor.csproj", "{76e4431b-48ad-e2de-91e7-4b51d6366bc4}"
EndProject
Project("{FAE04EC0-301F-11D3-BF4B-00C04F79EFBC}") = "AppsFlyer.Editor", "AppsFlyer.Editor.csproj", "{6909cf24-c555-bdb1-99a1-22b5b5f44525}"
EndProject
Project("{FAE04EC0-301F-11D3-BF4B-00C04F79EFBC}") = "UniTask.DOTween", "UniTask.DOTween.csproj", "{bdab5ca2-b3fd-7019-ec2b-b689988c8cea}"
EndProject
Project("{FAE04EC0-301F-11D3-BF4B-00C04F79EFBC}") = "GoogleMobileAds.Mediation.AppLovin.iOS", "GoogleMobileAds.Mediation.AppLovin.iOS.csproj", "{3131a951-555c-caba-dac9-1df5c557338f}"
EndProject
Project("{FAE04EC0-301F-11D3-BF4B-00C04F79EFBC}") = "GoogleMobileAds.Mediation.IronSource.iOS", "GoogleMobileAds.Mediation.IronSource.iOS.csproj", "{596289e9-6782-fea9-5599-14557647e203}"
EndProject
Project("{FAE04EC0-301F-11D3-BF4B-00C04F79EFBC}") = "GoogleMobileAds.Mediation.UnityAds.iOS", "GoogleMobileAds.Mediation.UnityAds.iOS.csproj", "{ce72433f-0287-f7f4-e0ad-f30e6ea11201}"
EndProject
Project("{FAE04EC0-301F-11D3-BF4B-00C04F79EFBC}") = "GoogleMobileAds.Mediation.AppLovin.Api", "GoogleMobileAds.Mediation.AppLovin.Api.csproj", "{f27b1a1e-3b98-0f50-3997-5ac13c793ebd}"
EndProject
Project("{FAE04EC0-301F-11D3-BF4B-00C04F79EFBC}") = "Unity.PlayerPrefsEditor.EditorResources", "Unity.PlayerPrefsEditor.EditorResources.csproj", "{9aaaa246-41d3-879d-a197-b4e4e2d76e8a}"
EndProject
Project("{FAE04EC0-301F-11D3-BF4B-00C04F79EFBC}") = "UniTask.Editor", "UniTask.Editor.csproj", "{688dcf2d-ce46-5a1b-260f-25c6f60297f8}"
EndProject
Project("{FAE04EC0-301F-11D3-BF4B-00C04F79EFBC}") = "Assembly-CSharp-Editor-firstpass", "Assembly-CSharp-Editor-firstpass.csproj", "{470d96bd-1b3d-8c60-d137-00bdae4eb52f}"
EndProject
Project("{FAE04EC0-301F-11D3-BF4B-00C04F79EFBC}") = "GoogleMobileAds.Mediation.IronSource.Mediation", "GoogleMobileAds.Mediation.IronSource.Mediation.csproj", "{8bbd6792-a7c1-092f-5e61-46ed1a676cb4}"
EndProject
Project("{FAE04EC0-301F-11D3-BF4B-00C04F79EFBC}") = "GoogleMobileAds.Mediation.AppLovin.Common", "GoogleMobileAds.Mediation.AppLovin.Common.csproj", "{b5562347-4792-ae0d-3f91-9bfdd9c2bc53}"
EndProject
Project("{FAE04EC0-301F-11D3-BF4B-00C04F79EFBC}") = "GoogleMobileAds.Mediation.IronSource.Api", "GoogleMobileAds.Mediation.IronSource.Api.csproj", "{3ad9d0eb-a6da-4870-de3e-5bab45c63174}"
EndProject
Project("{FAE04EC0-301F-11D3-BF4B-00C04F79EFBC}") = "FirebaseMessagingActivityGenerator", "FirebaseMessagingActivityGenerator.csproj", "{ddcdf304-15a4-bb5b-3665-41e1a7be2369}"
EndProject
Project("{FAE04EC0-301F-11D3-BF4B-00C04F79EFBC}") = "GoogleMobileAds.Mediation.AppLovin.Android", "GoogleMobileAds.Mediation.AppLovin.Android.csproj", "{c8dee4bd-8680-d033-2fed-99ae8e2d6460}"
EndProject
Project("{FAE04EC0-301F-11D3-BF4B-00C04F79EFBC}") = "Unity.PlayerPrefsEditor.Samples.SampleScene", "Unity.PlayerPrefsEditor.Samples.SampleScene.csproj", "{5ab7d4d1-601a-7b2a-dc12-355514c23559}"
EndProject
Project("{FAE04EC0-301F-11D3-BF4B-00C04F79EFBC}") = "Sirenix.OdinInspector.Modules.UnityMathematics", "Sirenix.OdinInspector.Modules.UnityMathematics.csproj", "{1a19e9d8-ff77-5efb-78c5-0ec69d5b34a5}"
EndProject
Global
	GlobalSection(SolutionConfigurationPlatforms) = preSolution
		Debug|Any CPU = Debug|Any CPU
	EndGlobalSection
	GlobalSection(ProjectConfigurationPlatforms) = postSolution
		{3be8f485-7891-93fc-cd35-3b723e1e8a18}.Debug|Any CPU.ActiveCfg = Debug|Any CPU
		{3be8f485-7891-93fc-cd35-3b723e1e8a18}.Debug|Any CPU.Build.0 = Debug|Any CPU
		{8e38b95c-61cc-8d15-72e0-c276edc2eb9e}.Debug|Any CPU.ActiveCfg = Debug|Any CPU
		{8e38b95c-61cc-8d15-72e0-c276edc2eb9e}.Debug|Any CPU.Build.0 = Debug|Any CPU
		{579d54a0-6de6-5559-4750-a365e08bd535}.Debug|Any CPU.ActiveCfg = Debug|Any CPU
		{579d54a0-6de6-5559-4750-a365e08bd535}.Debug|Any CPU.Build.0 = Debug|Any CPU
		{8fa889c0-6ba8-4eb2-e5e2-55f34cd588b3}.Debug|Any CPU.ActiveCfg = Debug|Any CPU
		{8fa889c0-6ba8-4eb2-e5e2-55f34cd588b3}.Debug|Any CPU.Build.0 = Debug|Any CPU
		{2723d9db-ac48-75cb-b09a-8b9afd6b03b8}.Debug|Any CPU.ActiveCfg = Debug|Any CPU
		{2723d9db-ac48-75cb-b09a-8b9afd6b03b8}.Debug|Any CPU.Build.0 = Debug|Any CPU
		{f22e9801-a36c-9844-353d-2d00962d2b47}.Debug|Any CPU.ActiveCfg = Debug|Any CPU
		{f22e9801-a36c-9844-353d-2d00962d2b47}.Debug|Any CPU.Build.0 = Debug|Any CPU
		{9d50a125-caf5-8854-c2a9-873737e2cb6d}.Debug|Any CPU.ActiveCfg = Debug|Any CPU
		{9d50a125-caf5-8854-c2a9-873737e2cb6d}.Debug|Any CPU.Build.0 = Debug|Any CPU
		{0c1b6c7d-c244-1012-166b-b25aa22178ad}.Debug|Any CPU.ActiveCfg = Debug|Any CPU
		{0c1b6c7d-c244-1012-166b-b25aa22178ad}.Debug|Any CPU.Build.0 = Debug|Any CPU
		{21359a3b-93d1-2630-96c4-216a641366eb}.Debug|Any CPU.ActiveCfg = Debug|Any CPU
		{21359a3b-93d1-2630-96c4-216a641366eb}.Debug|Any CPU.Build.0 = Debug|Any CPU
		{ca4c6463-cc5b-05fa-bb8e-8b94852e5066}.Debug|Any CPU.ActiveCfg = Debug|Any CPU
		{ca4c6463-cc5b-05fa-bb8e-8b94852e5066}.Debug|Any CPU.Build.0 = Debug|Any CPU
		{0a2550b4-f88b-dfa4-4e85-4a74dedd597b}.Debug|Any CPU.ActiveCfg = Debug|Any CPU
		{0a2550b4-f88b-dfa4-4e85-4a74dedd597b}.Debug|Any CPU.Build.0 = Debug|Any CPU
		{ed4018ac-b8c9-efdb-fbd3-901458e6453f}.Debug|Any CPU.ActiveCfg = Debug|Any CPU
		{ed4018ac-b8c9-efdb-fbd3-901458e6453f}.Debug|Any CPU.Build.0 = Debug|Any CPU
		{ef85e9c2-0116-52b1-31ed-3d68af2d8f11}.Debug|Any CPU.ActiveCfg = Debug|Any CPU
		{ef85e9c2-0116-52b1-31ed-3d68af2d8f11}.Debug|Any CPU.Build.0 = Debug|Any CPU
		{7dd56053-1875-8f11-a108-d4331774b2a1}.Debug|Any CPU.ActiveCfg = Debug|Any CPU
		{7dd56053-1875-8f11-a108-d4331774b2a1}.Debug|Any CPU.Build.0 = Debug|Any CPU
		{69b855ce-ebb4-3ff2-310d-c1c0ddb73f15}.Debug|Any CPU.ActiveCfg = Debug|Any CPU
		{69b855ce-ebb4-3ff2-310d-c1c0ddb73f15}.Debug|Any CPU.Build.0 = Debug|Any CPU
		{9de20592-75a3-864d-19e0-316133c350cc}.Debug|Any CPU.ActiveCfg = Debug|Any CPU
		{9de20592-75a3-864d-19e0-316133c350cc}.Debug|Any CPU.Build.0 = Debug|Any CPU
		{49344103-3a3b-0877-c067-e9e095224ed7}.Debug|Any CPU.ActiveCfg = Debug|Any CPU
		{49344103-3a3b-0877-c067-e9e095224ed7}.Debug|Any CPU.Build.0 = Debug|Any CPU
		{70f66367-ad0f-11b6-1810-66ca72f69568}.Debug|Any CPU.ActiveCfg = Debug|Any CPU
		{70f66367-ad0f-11b6-1810-66ca72f69568}.Debug|Any CPU.Build.0 = Debug|Any CPU
		{f195e08a-e2c2-efa0-f839-eaef4ae57bb9}.Debug|Any CPU.ActiveCfg = Debug|Any CPU
		{f195e08a-e2c2-efa0-f839-eaef4ae57bb9}.Debug|Any CPU.Build.0 = Debug|Any CPU
		{f5ca178f-6b4c-e9f2-6063-6ac8eca51942}.Debug|Any CPU.ActiveCfg = Debug|Any CPU
		{f5ca178f-6b4c-e9f2-6063-6ac8eca51942}.Debug|Any CPU.Build.0 = Debug|Any CPU
		{99401f56-bac6-e3e4-6143-36dd362dfc43}.Debug|Any CPU.ActiveCfg = Debug|Any CPU
		{99401f56-bac6-e3e4-6143-36dd362dfc43}.Debug|Any CPU.Build.0 = Debug|Any CPU
		{b1373a84-8390-d2e1-e19c-ab8bdbb22ab6}.Debug|Any CPU.ActiveCfg = Debug|Any CPU
		{b1373a84-8390-d2e1-e19c-ab8bdbb22ab6}.Debug|Any CPU.Build.0 = Debug|Any CPU
		{76e4431b-48ad-e2de-91e7-4b51d6366bc4}.Debug|Any CPU.ActiveCfg = Debug|Any CPU
		{76e4431b-48ad-e2de-91e7-4b51d6366bc4}.Debug|Any CPU.Build.0 = Debug|Any CPU
		{6909cf24-c555-bdb1-99a1-22b5b5f44525}.Debug|Any CPU.ActiveCfg = Debug|Any CPU
		{6909cf24-c555-bdb1-99a1-22b5b5f44525}.Debug|Any CPU.Build.0 = Debug|Any CPU
		{bdab5ca2-b3fd-7019-ec2b-b689988c8cea}.Debug|Any CPU.ActiveCfg = Debug|Any CPU
		{bdab5ca2-b3fd-7019-ec2b-b689988c8cea}.Debug|Any CPU.Build.0 = Debug|Any CPU
		{3131a951-555c-caba-dac9-1df5c557338f}.Debug|Any CPU.ActiveCfg = Debug|Any CPU
		{3131a951-555c-caba-dac9-1df5c557338f}.Debug|Any CPU.Build.0 = Debug|Any CPU
		{596289e9-6782-fea9-5599-14557647e203}.Debug|Any CPU.ActiveCfg = Debug|Any CPU
		{596289e9-6782-fea9-5599-14557647e203}.Debug|Any CPU.Build.0 = Debug|Any CPU
		{ce72433f-0287-f7f4-e0ad-f30e6ea11201}.Debug|Any CPU.ActiveCfg = Debug|Any CPU
		{ce72433f-0287-f7f4-e0ad-f30e6ea11201}.Debug|Any CPU.Build.0 = Debug|Any CPU
		{f27b1a1e-3b98-0f50-3997-5ac13c793ebd}.Debug|Any CPU.ActiveCfg = Debug|Any CPU
		{f27b1a1e-3b98-0f50-3997-5ac13c793ebd}.Debug|Any CPU.Build.0 = Debug|Any CPU
		{9aaaa246-41d3-879d-a197-b4e4e2d76e8a}.Debug|Any CPU.ActiveCfg = Debug|Any CPU
		{9aaaa246-41d3-879d-a197-b4e4e2d76e8a}.Debug|Any CPU.Build.0 = Debug|Any CPU
		{688dcf2d-ce46-5a1b-260f-25c6f60297f8}.Debug|Any CPU.ActiveCfg = Debug|Any CPU
		{688dcf2d-ce46-5a1b-260f-25c6f60297f8}.Debug|Any CPU.Build.0 = Debug|Any CPU
		{470d96bd-1b3d-8c60-d137-00bdae4eb52f}.Debug|Any CPU.ActiveCfg = Debug|Any CPU
		{470d96bd-1b3d-8c60-d137-00bdae4eb52f}.Debug|Any CPU.Build.0 = Debug|Any CPU
		{8bbd6792-a7c1-092f-5e61-46ed1a676cb4}.Debug|Any CPU.ActiveCfg = Debug|Any CPU
		{8bbd6792-a7c1-092f-5e61-46ed1a676cb4}.Debug|Any CPU.Build.0 = Debug|Any CPU
		{b5562347-4792-ae0d-3f91-9bfdd9c2bc53}.Debug|Any CPU.ActiveCfg = Debug|Any CPU
		{b5562347-4792-ae0d-3f91-9bfdd9c2bc53}.Debug|Any CPU.Build.0 = Debug|Any CPU
		{3ad9d0eb-a6da-4870-de3e-5bab45c63174}.Debug|Any CPU.ActiveCfg = Debug|Any CPU
		{3ad9d0eb-a6da-4870-de3e-5bab45c63174}.Debug|Any CPU.Build.0 = Debug|Any CPU
		{ddcdf304-15a4-bb5b-3665-41e1a7be2369}.Debug|Any CPU.ActiveCfg = Debug|Any CPU
		{ddcdf304-15a4-bb5b-3665-41e1a7be2369}.Debug|Any CPU.Build.0 = Debug|Any CPU
		{c8dee4bd-8680-d033-2fed-99ae8e2d6460}.Debug|Any CPU.ActiveCfg = Debug|Any CPU
		{c8dee4bd-8680-d033-2fed-99ae8e2d6460}.Debug|Any CPU.Build.0 = Debug|Any CPU
		{5ab7d4d1-601a-7b2a-dc12-355514c23559}.Debug|Any CPU.ActiveCfg = Debug|Any CPU
		{5ab7d4d1-601a-7b2a-dc12-355514c23559}.Debug|Any CPU.Build.0 = Debug|Any CPU
		{1a19e9d8-ff77-5efb-78c5-0ec69d5b34a5}.Debug|Any CPU.ActiveCfg = Debug|Any CPU
		{1a19e9d8-ff77-5efb-78c5-0ec69d5b34a5}.Debug|Any CPU.Build.0 = Debug|Any CPU
	EndGlobalSection
	GlobalSection(SolutionProperties) = preSolution
		HideSolutionNode = FALSE
	EndGlobalSection
EndGlobal
